{
  "version": "5",
  "specifiers": {
    "jsr:@asyncio/sync@^0.0.5": "0.0.5",
    "jsr:@std/datetime@~0.225.5": "0.225.5",
    "npm:@minecraft/server@2": "2.0.0_@minecraft+vanilla-data@1.21.90",
    "npm:@types/node@*": "22.13.0",
    "npm:zod@^3.25.0": "3.25.71"
  },
  "jsr": {
    "@asyncio/sync@0.0.5": {
      "integrity": "4b2494dba5731d6210d57f9783fbd1802efea48dbfc681e837d217e9cc116a61"
    },
    "@std/datetime@0.225.5": {
      "integrity": "9f650f6caec546b80172e95a4edb8478d5fe060c4c937f7ede242ffceab6efc9"
    }
  },
  "npm": {
    "@minecraft/common@1.2.0": {
      "integrity": "sha512-JdmEq4P3Z/FtoBzhLijFgMSVFnFRrUoLwY8DHHrgtFo0mfLTOLTB1RErYjLMsA6b7BGVNxkX/pfFRiH7QZ0XwQ=="
    },
    "@minecraft/server@2.0.0_@minecraft+vanilla-data@1.21.90": {
      "integrity": "sha512-X2LmT82eO0oCjOFaFgg6zoGenAUSyrG+YvIbe7/FSPj9hpMt4BtOIs7axoQUUvMx2NNbq8uEsnQadMMrDDBmUA==",
      "dependencies": [
        "@minecraft/common",
        "@minecraft/vanilla-data"
      ]
    },
    "@minecraft/vanilla-data@1.21.90": {
      "integrity": "sha512-Ca983n2C4mYWb3X+f73k4jCzxnBoxh88VQD4o8wfHbTFujpkO/RCWkvRWSE7fGBxrLF391OvRigKONGJ6SreJQ=="
    },
    "@types/node@22.13.0": {
      "integrity": "sha512-ClIbNe36lawluuvq3+YYhnIN2CELi+6q8NpnM7PYp4hBn/TatfboPgVSm2rwKRfnV2M+Ty9GWDFI64KEe+kysA==",
      "dependencies": [
        "undici-types"
      ]
    },
    "undici-types@6.20.0": {
      "integrity": "sha512-Ny6QZ2Nju20vw1SRHe3d9jVu6gJ+4e3+MMpqu7pqE5HT6WsTSlce++GQmK5UXS8mzV8DSYHrQH+Xrf2jVcuKNg=="
    },
    "zod@3.25.71": {
      "integrity": "sha512-BsBc/NPk7h8WsUWYWYL+BajcJPY8YhjelaWu2NMLuzgraKAz4Lb4/6K11g9jpuDetjMiqhZ6YaexFLOC0Ogi3Q=="
    }
  },
  "workspace": {
    "dependencies": [
      "jsr:@std/datetime@~0.225.5"
    ],
    "members": {
      "src/bedrockws": {
        "dependencies": [
          "jsr:@asyncio/sync@^0.0.5",
          "npm:@minecraft/server@2"
        ]
      },
      "src/schema": {
        "dependencies": [
          "npm:zod@^3.25.0"
        ]
      }
    }
  }
}
